// !$*UTF8*$!
{
	archiveVersion = 1;
	classes = {
	};
	objectVersion = 50;
	objects = {

/* Begin PBXBuildFile section */
		AD642C572618951A002D9B45 /* XCTestCase+MemoryLeakTracking.swift in Sources */ = {isa = PBXBuildFile; fileRef = AD642C562618951A002D9B45 /* XCTestCase+MemoryLeakTracking.swift */; };
		AD642C5D26198CF5002D9B45 /* URLSessionHTTPClient.swift in Sources */ = {isa = PBXBuildFile; fileRef = AD642C5C26198CF5002D9B45 /* URLSessionHTTPClient.swift */; };
		AD642C692619E6D7002D9B45 /* EssentialFeedAPIEndToEndTests.swift in Sources */ = {isa = PBXBuildFile; fileRef = AD642C682619E6D7002D9B45 /* EssentialFeedAPIEndToEndTests.swift */; };
		AD642C6B2619E6D7002D9B45 /* EssentialFeed.framework in Frameworks */ = {isa = PBXBuildFile; fileRef = ADF59DA926154D590062BF3A /* EssentialFeed.framework */; };
		AD642C742619F799002D9B45 /* XCTestCase+MemoryLeakTracking.swift in Sources */ = {isa = PBXBuildFile; fileRef = AD642C562618951A002D9B45 /* XCTestCase+MemoryLeakTracking.swift */; };
		ADF2F9C626171E65006693A9 /* URLSessionHTTPClientTests.swift in Sources */ = {isa = PBXBuildFile; fileRef = ADF2F9C526171E65006693A9 /* URLSessionHTTPClientTests.swift */; };
		ADF59DB326154D590062BF3A /* EssentialFeed.framework in Frameworks */ = {isa = PBXBuildFile; fileRef = ADF59DA926154D590062BF3A /* EssentialFeed.framework */; };
		ADF59DBA26154D5A0062BF3A /* EssentialFeed.h in Headers */ = {isa = PBXBuildFile; fileRef = ADF59DAC26154D590062BF3A /* EssentialFeed.h */; settings = {ATTRIBUTES = (Public, ); }; };
		ADF59DC626154DAD0062BF3A /* FeedItem.swift in Sources */ = {isa = PBXBuildFile; fileRef = ADF59DC526154DAD0062BF3A /* FeedItem.swift */; };
		ADF59DCA26154EFC0062BF3A /* FeedLoader.swift in Sources */ = {isa = PBXBuildFile; fileRef = ADF59DC926154EFC0062BF3A /* FeedLoader.swift */; };
		ADF59DCF261555A70062BF3A /* RemoteFeedLoaderTests.swift in Sources */ = {isa = PBXBuildFile; fileRef = ADF59DCE261555A70062BF3A /* RemoteFeedLoaderTests.swift */; };
		ADF59DDE261573E20062BF3A /* RemoteFeedLoader.swift in Sources */ = {isa = PBXBuildFile; fileRef = ADF59DDD261573E20062BF3A /* RemoteFeedLoader.swift */; };
		ADF59DE42616E30E0062BF3A /* HTTPClient.swift in Sources */ = {isa = PBXBuildFile; fileRef = ADF59DE32616E30E0062BF3A /* HTTPClient.swift */; };
		ADF59DE82616E37A0062BF3A /* FeedItemsMapper.swift in Sources */ = {isa = PBXBuildFile; fileRef = ADF59DE72616E37A0062BF3A /* FeedItemsMapper.swift */; };
/* End PBXBuildFile section */

/* Begin PBXContainerItemProxy section */
		AD642C6C2619E6D7002D9B45 /* PBXContainerItemProxy */ = {
			isa = PBXContainerItemProxy;
			containerPortal = ADF59DA026154D590062BF3A /* Project object */;
			proxyType = 1;
			remoteGlobalIDString = ADF59DA826154D590062BF3A;
			remoteInfo = EssentialFeed;
		};
		ADF59DB426154D590062BF3A /* PBXContainerItemProxy */ = {
			isa = PBXContainerItemProxy;
			containerPortal = ADF59DA026154D590062BF3A /* Project object */;
			proxyType = 1;
			remoteGlobalIDString = ADF59DA826154D590062BF3A;
			remoteInfo = EssentialFeed;
		};
/* End PBXContainerItemProxy section */

/* Begin PBXFileReference section */
		AD642C562618951A002D9B45 /* XCTestCase+MemoryLeakTracking.swift */ = {isa = PBXFileReference; lastKnownFileType = sourcecode.swift; path = "XCTestCase+MemoryLeakTracking.swift"; sourceTree = "<group>"; };
		AD642C5C26198CF5002D9B45 /* URLSessionHTTPClient.swift */ = {isa = PBXFileReference; lastKnownFileType = sourcecode.swift; path = URLSessionHTTPClient.swift; sourceTree = "<group>"; };
		AD642C662619E6D7002D9B45 /* EssentialFeedAPIEndToEndTests.xctest */ = {isa = PBXFileReference; explicitFileType = wrapper.cfbundle; includeInIndex = 0; path = EssentialFeedAPIEndToEndTests.xctest; sourceTree = BUILT_PRODUCTS_DIR; };
		AD642C682619E6D7002D9B45 /* EssentialFeedAPIEndToEndTests.swift */ = {isa = PBXFileReference; lastKnownFileType = sourcecode.swift; path = EssentialFeedAPIEndToEndTests.swift; sourceTree = "<group>"; };
		AD642C6A2619E6D7002D9B45 /* Info.plist */ = {isa = PBXFileReference; lastKnownFileType = text.plist.xml; path = Info.plist; sourceTree = "<group>"; };
		ADF2F9C526171E65006693A9 /* URLSessionHTTPClientTests.swift */ = {isa = PBXFileReference; lastKnownFileType = sourcecode.swift; path = URLSessionHTTPClientTests.swift; sourceTree = "<group>"; };
		ADF59DA926154D590062BF3A /* EssentialFeed.framework */ = {isa = PBXFileReference; explicitFileType = wrapper.framework; includeInIndex = 0; path = EssentialFeed.framework; sourceTree = BUILT_PRODUCTS_DIR; };
		ADF59DAC26154D590062BF3A /* EssentialFeed.h */ = {isa = PBXFileReference; lastKnownFileType = sourcecode.c.h; path = EssentialFeed.h; sourceTree = "<group>"; };
		ADF59DAD26154D590062BF3A /* Info.plist */ = {isa = PBXFileReference; lastKnownFileType = text.plist.xml; path = Info.plist; sourceTree = "<group>"; };
		ADF59DB226154D590062BF3A /* EssentialFeedTests.xctest */ = {isa = PBXFileReference; explicitFileType = wrapper.cfbundle; includeInIndex = 0; path = EssentialFeedTests.xctest; sourceTree = BUILT_PRODUCTS_DIR; };
		ADF59DB926154D590062BF3A /* Info.plist */ = {isa = PBXFileReference; lastKnownFileType = text.plist.xml; path = Info.plist; sourceTree = "<group>"; };
		ADF59DC526154DAD0062BF3A /* FeedItem.swift */ = {isa = PBXFileReference; lastKnownFileType = sourcecode.swift; path = FeedItem.swift; sourceTree = "<group>"; };
		ADF59DC926154EFC0062BF3A /* FeedLoader.swift */ = {isa = PBXFileReference; lastKnownFileType = sourcecode.swift; path = FeedLoader.swift; sourceTree = "<group>"; };
		ADF59DCE261555A70062BF3A /* RemoteFeedLoaderTests.swift */ = {isa = PBXFileReference; lastKnownFileType = sourcecode.swift; path = RemoteFeedLoaderTests.swift; sourceTree = "<group>"; };
		ADF59DDD261573E20062BF3A /* RemoteFeedLoader.swift */ = {isa = PBXFileReference; lastKnownFileType = sourcecode.swift; path = RemoteFeedLoader.swift; sourceTree = "<group>"; };
		ADF59DE32616E30E0062BF3A /* HTTPClient.swift */ = {isa = PBXFileReference; lastKnownFileType = sourcecode.swift; path = HTTPClient.swift; sourceTree = "<group>"; };
		ADF59DE72616E37A0062BF3A /* FeedItemsMapper.swift */ = {isa = PBXFileReference; lastKnownFileType = sourcecode.swift; path = FeedItemsMapper.swift; sourceTree = "<group>"; };
/* End PBXFileReference section */

/* Begin PBXFrameworksBuildPhase section */
		AD642C632619E6D7002D9B45 /* Frameworks */ = {
			isa = PBXFrameworksBuildPhase;
			buildActionMask = 2147483647;
			files = (
				AD642C6B2619E6D7002D9B45 /* EssentialFeed.framework in Frameworks */,
			);
			runOnlyForDeploymentPostprocessing = 0;
		};
		ADF59DA626154D590062BF3A /* Frameworks */ = {
			isa = PBXFrameworksBuildPhase;
			buildActionMask = 2147483647;
			files = (
			);
			runOnlyForDeploymentPostprocessing = 0;
		};
		ADF59DAF26154D590062BF3A /* Frameworks */ = {
			isa = PBXFrameworksBuildPhase;
			buildActionMask = 2147483647;
			files = (
				ADF59DB326154D590062BF3A /* EssentialFeed.framework in Frameworks */,
			);
			runOnlyForDeploymentPostprocessing = 0;
		};
/* End PBXFrameworksBuildPhase section */

/* Begin PBXGroup section */
		AD642C55261894D2002D9B45 /* Helpers */ = {
			isa = PBXGroup;
			children = (
				AD642C562618951A002D9B45 /* XCTestCase+MemoryLeakTracking.swift */,
			);
			path = Helpers;
			sourceTree = "<group>";
		};
		AD642C672619E6D7002D9B45 /* EssentialFeedAPIEndToEndTests */ = {
			isa = PBXGroup;
			children = (
				AD642C682619E6D7002D9B45 /* EssentialFeedAPIEndToEndTests.swift */,
				AD642C6A2619E6D7002D9B45 /* Info.plist */,
			);
			path = EssentialFeedAPIEndToEndTests;
			sourceTree = "<group>";
		};
		ADF59D9F26154D590062BF3A = {
			isa = PBXGroup;
			children = (
				ADF59DAB26154D590062BF3A /* EssentialFeed */,
				ADF59DB626154D590062BF3A /* EssentialFeedTests */,
				AD642C672619E6D7002D9B45 /* EssentialFeedAPIEndToEndTests */,
				ADF59DAA26154D590062BF3A /* Products */,
			);
			sourceTree = "<group>";
		};
		ADF59DAA26154D590062BF3A /* Products */ = {
			isa = PBXGroup;
			children = (
				ADF59DA926154D590062BF3A /* EssentialFeed.framework */,
				ADF59DB226154D590062BF3A /* EssentialFeedTests.xctest */,
				AD642C662619E6D7002D9B45 /* EssentialFeedAPIEndToEndTests.xctest */,
			);
			name = Products;
			sourceTree = "<group>";
		};
		ADF59DAB26154D590062BF3A /* EssentialFeed */ = {
			isa = PBXGroup;
			children = (
				ADF59DAC26154D590062BF3A /* EssentialFeed.h */,
				ADF59DAD26154D590062BF3A /* Info.plist */,
				ADF59DCD261550340062BF3A /* Feed Feature */,
				ADF59DDC261573990062BF3A /* Feed API */,
			);
			path = EssentialFeed;
			sourceTree = "<group>";
		};
		ADF59DB626154D590062BF3A /* EssentialFeedTests */ = {
			isa = PBXGroup;
			children = (
				AD642C55261894D2002D9B45 /* Helpers */,
				ADF59DB926154D590062BF3A /* Info.plist */,
				ADF59DCE261555A70062BF3A /* RemoteFeedLoaderTests.swift */,
				ADF2F9C526171E65006693A9 /* URLSessionHTTPClientTests.swift */,
			);
			path = EssentialFeedTests;
			sourceTree = "<group>";
		};
		ADF59DCD261550340062BF3A /* Feed Feature */ = {
			isa = PBXGroup;
			children = (
				ADF59DC926154EFC0062BF3A /* FeedLoader.swift */,
				ADF59DC526154DAD0062BF3A /* FeedItem.swift */,
			);
			path = "Feed Feature";
			sourceTree = "<group>";
		};
		ADF59DDC261573990062BF3A /* Feed API */ = {
			isa = PBXGroup;
			children = (
				ADF59DDD261573E20062BF3A /* RemoteFeedLoader.swift */,
				ADF59DE32616E30E0062BF3A /* HTTPClient.swift */,
				ADF59DE72616E37A0062BF3A /* FeedItemsMapper.swift */,
				AD642C5C26198CF5002D9B45 /* URLSessionHTTPClient.swift */,
			);
			path = "Feed API";
			sourceTree = "<group>";
		};
/* End PBXGroup section */

/* Begin PBXHeadersBuildPhase section */
		ADF59DA426154D590062BF3A /* Headers */ = {
			isa = PBXHeadersBuildPhase;
			buildActionMask = 2147483647;
			files = (
				ADF59DBA26154D5A0062BF3A /* EssentialFeed.h in Headers */,
			);
			runOnlyForDeploymentPostprocessing = 0;
		};
/* End PBXHeadersBuildPhase section */

/* Begin PBXNativeTarget section */
		AD642C652619E6D7002D9B45 /* EssentialFeedAPIEndToEndTests */ = {
			isa = PBXNativeTarget;
			buildConfigurationList = AD642C6E2619E6D7002D9B45 /* Build configuration list for PBXNativeTarget "EssentialFeedAPIEndToEndTests" */;
			buildPhases = (
				AD642C622619E6D7002D9B45 /* Sources */,
				AD642C632619E6D7002D9B45 /* Frameworks */,
				AD642C642619E6D7002D9B45 /* Resources */,
			);
			buildRules = (
			);
			dependencies = (
				AD642C6D2619E6D7002D9B45 /* PBXTargetDependency */,
			);
			name = EssentialFeedAPIEndToEndTests;
			productName = EssentialFeedAPIEndToEndTests;
			productReference = AD642C662619E6D7002D9B45 /* EssentialFeedAPIEndToEndTests.xctest */;
			productType = "com.apple.product-type.bundle.unit-test";
		};
		ADF59DA826154D590062BF3A /* EssentialFeed */ = {
			isa = PBXNativeTarget;
			buildConfigurationList = ADF59DBD26154D5A0062BF3A /* Build configuration list for PBXNativeTarget "EssentialFeed" */;
			buildPhases = (
				ADF59DA426154D590062BF3A /* Headers */,
				ADF59DA526154D590062BF3A /* Sources */,
				ADF59DA626154D590062BF3A /* Frameworks */,
				ADF59DA726154D590062BF3A /* Resources */,
			);
			buildRules = (
			);
			dependencies = (
			);
			name = EssentialFeed;
			productName = EssentialFeed;
			productReference = ADF59DA926154D590062BF3A /* EssentialFeed.framework */;
			productType = "com.apple.product-type.framework";
		};
		ADF59DB126154D590062BF3A /* EssentialFeedTests */ = {
			isa = PBXNativeTarget;
			buildConfigurationList = ADF59DC026154D5A0062BF3A /* Build configuration list for PBXNativeTarget "EssentialFeedTests" */;
			buildPhases = (
				ADF59DAE26154D590062BF3A /* Sources */,
				ADF59DAF26154D590062BF3A /* Frameworks */,
				ADF59DB026154D590062BF3A /* Resources */,
			);
			buildRules = (
			);
			dependencies = (
				ADF59DB526154D590062BF3A /* PBXTargetDependency */,
			);
			name = EssentialFeedTests;
			productName = EssentialFeedTests;
			productReference = ADF59DB226154D590062BF3A /* EssentialFeedTests.xctest */;
			productType = "com.apple.product-type.bundle.unit-test";
		};
/* End PBXNativeTarget section */

/* Begin PBXProject section */
		ADF59DA026154D590062BF3A /* Project object */ = {
			isa = PBXProject;
			attributes = {
				LastSwiftUpdateCheck = 1240;
				LastUpgradeCheck = 1240;
				TargetAttributes = {
					AD642C652619E6D7002D9B45 = {
						CreatedOnToolsVersion = 12.4;
					};
					ADF59DA826154D590062BF3A = {
						CreatedOnToolsVersion = 12.4;
						LastSwiftMigration = 1240;
					};
					ADF59DB126154D590062BF3A = {
						CreatedOnToolsVersion = 12.4;
					};
				};
			};
			buildConfigurationList = ADF59DA326154D590062BF3A /* Build configuration list for PBXProject "EssentialFeed" */;
			compatibilityVersion = "Xcode 9.3";
			developmentRegion = en;
			hasScannedForEncodings = 0;
			knownRegions = (
				en,
				Base,
			);
			mainGroup = ADF59D9F26154D590062BF3A;
			productRefGroup = ADF59DAA26154D590062BF3A /* Products */;
			projectDirPath = "";
			projectRoot = "";
			targets = (
				ADF59DA826154D590062BF3A /* EssentialFeed */,
				ADF59DB126154D590062BF3A /* EssentialFeedTests */,
				AD642C652619E6D7002D9B45 /* EssentialFeedAPIEndToEndTests */,
			);
		};
/* End PBXProject section */

/* Begin PBXResourcesBuildPhase section */
		AD642C642619E6D7002D9B45 /* Resources */ = {
			isa = PBXResourcesBuildPhase;
			buildActionMask = 2147483647;
			files = (
			);
			runOnlyForDeploymentPostprocessing = 0;
		};
		ADF59DA726154D590062BF3A /* Resources */ = {
			isa = PBXResourcesBuildPhase;
			buildActionMask = 2147483647;
			files = (
			);
			runOnlyForDeploymentPostprocessing = 0;
		};
		ADF59DB026154D590062BF3A /* Resources */ = {
			isa = PBXResourcesBuildPhase;
			buildActionMask = 2147483647;
			files = (
			);
			runOnlyForDeploymentPostprocessing = 0;
		};
/* End PBXResourcesBuildPhase section */

/* Begin PBXSourcesBuildPhase section */
		AD642C622619E6D7002D9B45 /* Sources */ = {
			isa = PBXSourcesBuildPhase;
			buildActionMask = 2147483647;
			files = (
				AD642C692619E6D7002D9B45 /* EssentialFeedAPIEndToEndTests.swift in Sources */,
				AD642C742619F799002D9B45 /* XCTestCase+MemoryLeakTracking.swift in Sources */,
			);
			runOnlyForDeploymentPostprocessing = 0;
		};
		ADF59DA526154D590062BF3A /* Sources */ = {
			isa = PBXSourcesBuildPhase;
			buildActionMask = 2147483647;
			files = (
				ADF59DE82616E37A0062BF3A /* FeedItemsMapper.swift in Sources */,
				ADF59DCA26154EFC0062BF3A /* FeedLoader.swift in Sources */,
				ADF59DDE261573E20062BF3A /* RemoteFeedLoader.swift in Sources */,
				ADF59DE42616E30E0062BF3A /* HTTPClient.swift in Sources */,
				ADF59DC626154DAD0062BF3A /* FeedItem.swift in Sources */,
				AD642C5D26198CF5002D9B45 /* URLSessionHTTPClient.swift in Sources */,
			);
			runOnlyForDeploymentPostprocessing = 0;
		};
		ADF59DAE26154D590062BF3A /* Sources */ = {
			isa = PBXSourcesBuildPhase;
			buildActionMask = 2147483647;
			files = (
				ADF2F9C626171E65006693A9 /* URLSessionHTTPClientTests.swift in Sources */,
				AD642C572618951A002D9B45 /* XCTestCase+MemoryLeakTracking.swift in Sources */,
				ADF59DCF261555A70062BF3A /* RemoteFeedLoaderTests.swift in Sources */,
			);
			runOnlyForDeploymentPostprocessing = 0;
		};
/* End PBXSourcesBuildPhase section */

/* Begin PBXTargetDependency section */
		AD642C6D2619E6D7002D9B45 /* PBXTargetDependency */ = {
			isa = PBXTargetDependency;
			target = ADF59DA826154D590062BF3A /* EssentialFeed */;
			targetProxy = AD642C6C2619E6D7002D9B45 /* PBXContainerItemProxy */;
		};
		ADF59DB526154D590062BF3A /* PBXTargetDependency */ = {
			isa = PBXTargetDependency;
			target = ADF59DA826154D590062BF3A /* EssentialFeed */;
			targetProxy = ADF59DB426154D590062BF3A /* PBXContainerItemProxy */;
		};
/* End PBXTargetDependency section */

/* Begin XCBuildConfiguration section */
		AD642C6F2619E6D7002D9B45 /* Debug */ = {
			isa = XCBuildConfiguration;
			buildSettings = {
				CODE_SIGN_STYLE = Automatic;
				COMBINE_HIDPI_IMAGES = YES;
				INFOPLIST_FILE = EssentialFeedAPIEndToEndTests/Info.plist;
				LD_RUNPATH_SEARCH_PATHS = (
					"$(inherited)",
					"@executable_path/../Frameworks",
					"@loader_path/../Frameworks",
				);
				PRODUCT_BUNDLE_IDENTIFIER = com.meoflauta.EssentialFeedAPIEndToEndTests;
				PRODUCT_NAME = "$(TARGET_NAME)";
				SWIFT_VERSION = 5.0;
			};
			name = Debug;
		};
		AD642C702619E6D7002D9B45 /* Release */ = {
			isa = XCBuildConfiguration;
			buildSettings = {
				CODE_SIGN_STYLE = Automatic;
				COMBINE_HIDPI_IMAGES = YES;
				INFOPLIST_FILE = EssentialFeedAPIEndToEndTests/Info.plist;
				LD_RUNPATH_SEARCH_PATHS = (
					"$(inherited)",
					"@executable_path/../Frameworks",
					"@loader_path/../Frameworks",
				);
				PRODUCT_BUNDLE_IDENTIFIER = com.meoflauta.EssentialFeedAPIEndToEndTests;
				PRODUCT_NAME = "$(TARGET_NAME)";
				SWIFT_VERSION = 5.0;
			};
			name = Release;
		};
		ADF59DBB26154D5A0062BF3A /* Debug */ = {
			isa = XCBuildConfiguration;
			buildSettings = {
				ALWAYS_SEARCH_USER_PATHS = NO;
				CLANG_ANALYZER_NONNULL = YES;
				CLANG_ANALYZER_NUMBER_OBJECT_CONVERSION = YES_AGGRESSIVE;
				CLANG_CXX_LANGUAGE_STANDARD = "gnu++14";
				CLANG_CXX_LIBRARY = "libc++";
				CLANG_ENABLE_MODULES = YES;
				CLANG_ENABLE_OBJC_ARC = YES;
				CLANG_ENABLE_OBJC_WEAK = YES;
				CLANG_WARN_BLOCK_CAPTURE_AUTORELEASING = YES;
				CLANG_WARN_BOOL_CONVERSION = YES;
				CLANG_WARN_COMMA = YES;
				CLANG_WARN_CONSTANT_CONVERSION = YES;
				CLANG_WARN_DEPRECATED_OBJC_IMPLEMENTATIONS = YES;
				CLANG_WARN_DIRECT_OBJC_ISA_USAGE = YES_ERROR;
				CLANG_WARN_DOCUMENTATION_COMMENTS = YES;
				CLANG_WARN_EMPTY_BODY = YES;
				CLANG_WARN_ENUM_CONVERSION = YES;
				CLANG_WARN_INFINITE_RECURSION = YES;
				CLANG_WARN_INT_CONVERSION = YES;
				CLANG_WARN_NON_LITERAL_NULL_CONVERSION = YES;
				CLANG_WARN_OBJC_IMPLICIT_RETAIN_SELF = YES;
				CLANG_WARN_OBJC_LITERAL_CONVERSION = YES;
				CLANG_WARN_OBJC_ROOT_CLASS = YES_ERROR;
				CLANG_WARN_QUOTED_INCLUDE_IN_FRAMEWORK_HEADER = YES;
				CLANG_WARN_RANGE_LOOP_ANALYSIS = YES;
				CLANG_WARN_STRICT_PROTOTYPES = YES;
				CLANG_WARN_SUSPICIOUS_MOVE = YES;
				CLANG_WARN_UNGUARDED_AVAILABILITY = YES_AGGRESSIVE;
				CLANG_WARN_UNREACHABLE_CODE = YES;
				CLANG_WARN__DUPLICATE_METHOD_MATCH = YES;
				COPY_PHASE_STRIP = NO;
				CURRENT_PROJECT_VERSION = 1;
				DEBUG_INFORMATION_FORMAT = dwarf;
				ENABLE_STRICT_OBJC_MSGSEND = YES;
				ENABLE_TESTABILITY = YES;
				GCC_C_LANGUAGE_STANDARD = gnu11;
				GCC_DYNAMIC_NO_PIC = NO;
				GCC_NO_COMMON_BLOCKS = YES;
				GCC_OPTIMIZATION_LEVEL = 0;
				GCC_PREPROCESSOR_DEFINITIONS = (
					"DEBUG=1",
					"$(inherited)",
				);
				GCC_WARN_64_TO_32_BIT_CONVERSION = YES;
				GCC_WARN_ABOUT_RETURN_TYPE = YES_ERROR;
				GCC_WARN_UNDECLARED_SELECTOR = YES;
				GCC_WARN_UNINITIALIZED_AUTOS = YES_AGGRESSIVE;
				GCC_WARN_UNUSED_FUNCTION = YES;
				GCC_WARN_UNUSED_VARIABLE = YES;
				MACOSX_DEPLOYMENT_TARGET = 11.0;
				MTL_ENABLE_DEBUG_INFO = INCLUDE_SOURCE;
				MTL_FAST_MATH = YES;
				ONLY_ACTIVE_ARCH = YES;
				SDKROOT = macosx;
				SWIFT_ACTIVE_COMPILATION_CONDITIONS = DEBUG;
				SWIFT_OPTIMIZATION_LEVEL = "-Onone";
				VERSIONING_SYSTEM = "apple-generic";
				VERSION_INFO_PREFIX = "";
			};
			name = Debug;
		};
		ADF59DBC26154D5A0062BF3A /* Release */ = {
			isa = XCBuildConfiguration;
			buildSettings = {
				ALWAYS_SEARCH_USER_PATHS = NO;
				CLANG_ANALYZER_NONNULL = YES;
				CLANG_ANALYZER_NUMBER_OBJECT_CONVERSION = YES_AGGRESSIVE;
				CLANG_CXX_LANGUAGE_STANDARD = "gnu++14";
				CLANG_CXX_LIBRARY = "libc++";
				CLANG_ENABLE_MODULES = YES;
				CLANG_ENABLE_OBJC_ARC = YES;
				CLANG_ENABLE_OBJC_WEAK = YES;
				CLANG_WARN_BLOCK_CAPTURE_AUTORELEASING = YES;
				CLANG_WARN_BOOL_CONVERSION = YES;
				CLANG_WARN_COMMA = YES;
				CLANG_WARN_CONSTANT_CONVERSION = YES;
				CLANG_WARN_DEPRECATED_OBJC_IMPLEMENTATIONS = YES;
				CLANG_WARN_DIRECT_OBJC_ISA_USAGE = YES_ERROR;
				CLANG_WARN_DOCUMENTATION_COMMENTS = YES;
				CLANG_WARN_EMPTY_BODY = YES;
				CLANG_WARN_ENUM_CONVERSION = YES;
				CLANG_WARN_INFINITE_RECURSION = YES;
				CLANG_WARN_INT_CONVERSION = YES;
				CLANG_WARN_NON_LITERAL_NULL_CONVERSION = YES;
				CLANG_WARN_OBJC_IMPLICIT_RETAIN_SELF = YES;
				CLANG_WARN_OBJC_LITERAL_CONVERSION = YES;
				CLANG_WARN_OBJC_ROOT_CLASS = YES_ERROR;
				CLANG_WARN_QUOTED_INCLUDE_IN_FRAMEWORK_HEADER = YES;
				CLANG_WARN_RANGE_LOOP_ANALYSIS = YES;
				CLANG_WARN_STRICT_PROTOTYPES = YES;
				CLANG_WARN_SUSPICIOUS_MOVE = YES;
				CLANG_WARN_UNGUARDED_AVAILABILITY = YES_AGGRESSIVE;
				CLANG_WARN_UNREACHABLE_CODE = YES;
				CLANG_WARN__DUPLICATE_METHOD_MATCH = YES;
				COPY_PHASE_STRIP = NO;
				CURRENT_PROJECT_VERSION = 1;
				DEBUG_INFORMATION_FORMAT = "dwarf-with-dsym";
				ENABLE_NS_ASSERTIONS = NO;
				ENABLE_STRICT_OBJC_MSGSEND = YES;
				GCC_C_LANGUAGE_STANDARD = gnu11;
				GCC_NO_COMMON_BLOCKS = YES;
				GCC_WARN_64_TO_32_BIT_CONVERSION = YES;
				GCC_WARN_ABOUT_RETURN_TYPE = YES_ERROR;
				GCC_WARN_UNDECLARED_SELECTOR = YES;
				GCC_WARN_UNINITIALIZED_AUTOS = YES_AGGRESSIVE;
				GCC_WARN_UNUSED_FUNCTION = YES;
				GCC_WARN_UNUSED_VARIABLE = YES;
				MACOSX_DEPLOYMENT_TARGET = 11.0;
				MTL_ENABLE_DEBUG_INFO = NO;
				MTL_FAST_MATH = YES;
				SDKROOT = macosx;
				SWIFT_COMPILATION_MODE = wholemodule;
				SWIFT_OPTIMIZATION_LEVEL = "-O";
				VERSIONING_SYSTEM = "apple-generic";
				VERSION_INFO_PREFIX = "";
			};
			name = Release;
		};
		ADF59DBE26154D5A0062BF3A /* Debug */ = {
			isa = XCBuildConfiguration;
			buildSettings = {
				CLANG_ENABLE_MODULES = YES;
				CODE_SIGN_STYLE = Automatic;
				COMBINE_HIDPI_IMAGES = YES;
				DEFINES_MODULE = YES;
				DEVELOPMENT_TEAM = KT6YTKK67V;
				DYLIB_COMPATIBILITY_VERSION = 1;
				DYLIB_CURRENT_VERSION = 1;
				DYLIB_INSTALL_NAME_BASE = "@rpath";
				INFOPLIST_FILE = EssentialFeed/Info.plist;
				INSTALL_PATH = "$(LOCAL_LIBRARY_DIR)/Frameworks";
				LD_RUNPATH_SEARCH_PATHS = (
					"$(inherited)",
					"@executable_path/../Frameworks",
					"@loader_path/Frameworks",
				);
				PRODUCT_BUNDLE_IDENTIFIER = com.meoflauta.EssentialFeed;
				PRODUCT_NAME = "$(TARGET_NAME:c99extidentifier)";
				SKIP_INSTALL = YES;
				SWIFT_OPTIMIZATION_LEVEL = "-Onone";
				SWIFT_VERSION = 5.0;
			};
			name = Debug;
		};
		ADF59DBF26154D5A0062BF3A /* Release */ = {
			isa = XCBuildConfiguration;
			buildSettings = {
				CLANG_ENABLE_MODULES = YES;
				CODE_SIGN_STYLE = Automatic;
				COMBINE_HIDPI_IMAGES = YES;
				DEFINES_MODULE = YES;
				DEVELOPMENT_TEAM = KT6YTKK67V;
				DYLIB_COMPATIBILITY_VERSION = 1;
				DYLIB_CURRENT_VERSION = 1;
				DYLIB_INSTALL_NAME_BASE = "@rpath";
				INFOPLIST_FILE = EssentialFeed/Info.plist;
				INSTALL_PATH = "$(LOCAL_LIBRARY_DIR)/Frameworks";
				LD_RUNPATH_SEARCH_PATHS = (
					"$(inherited)",
					"@executable_path/../Frameworks",
					"@loader_path/Frameworks",
				);
				PRODUCT_BUNDLE_IDENTIFIER = com.meoflauta.EssentialFeed;
				PRODUCT_NAME = "$(TARGET_NAME:c99extidentifier)";
				SKIP_INSTALL = YES;
				SWIFT_VERSION = 5.0;
			};
			name = Release;
		};
		ADF59DC126154D5A0062BF3A /* Debug */ = {
			isa = XCBuildConfiguration;
			buildSettings = {
				ALWAYS_EMBED_SWIFT_STANDARD_LIBRARIES = YES;
				CODE_SIGN_STYLE = Automatic;
				COMBINE_HIDPI_IMAGES = YES;
				DEVELOPMENT_TEAM = KT6YTKK67V;
				INFOPLIST_FILE = EssentialFeedTests/Info.plist;
				LD_RUNPATH_SEARCH_PATHS = (
					"$(inherited)",
					"@executable_path/../Frameworks",
					"@loader_path/../Frameworks",
				);
				PRODUCT_BUNDLE_IDENTIFIER = com.meoflauta.EssentialFeedTests;
				PRODUCT_NAME = "$(TARGET_NAME)";
				SWIFT_VERSION = 5.0;
			};
			name = Debug;
		};
		ADF59DC226154D5A0062BF3A /* Release */ = {
			isa = XCBuildConfiguration;
			buildSettings = {
				ALWAYS_EMBED_SWIFT_STANDARD_LIBRARIES = YES;
				CODE_SIGN_STYLE = Automatic;
				COMBINE_HIDPI_IMAGES = YES;
				DEVELOPMENT_TEAM = KT6YTKK67V;
				INFOPLIST_FILE = EssentialFeedTests/Info.plist;
				LD_RUNPATH_SEARCH_PATHS = (
					"$(inherited)",
					"@executable_path/../Frameworks",
					"@loader_path/../Frameworks",
				);
				PRODUCT_BUNDLE_IDENTIFIER = com.meoflauta.EssentialFeedTests;
				PRODUCT_NAME = "$(TARGET_NAME)";
				SWIFT_VERSION = 5.0;
			};
			name = Release;
		};
/* End XCBuildConfiguration section */

/* Begin XCConfigurationList section */
		AD642C6E2619E6D7002D9B45 /* Build configuration list for PBXNativeTarget "EssentialFeedAPIEndToEndTests" */ = {
			isa = XCConfigurationList;
			buildConfigurations = (
				AD642C6F2619E6D7002D9B45 /* Debug */,
				AD642C702619E6D7002D9B45 /* Release */,
			);
			defaultConfigurationIsVisible = 0;
			defaultConfigurationName = Release;
		};
		ADF59DA326154D590062BF3A /* Build configuration list for PBXProject "EssentialFeed" */ = {
			isa = XCConfigurationList;
			buildConfigurations = (
				ADF59DBB26154D5A0062BF3A /* Debug */,
				ADF59DBC26154D5A0062BF3A /* Release */,
			);
			defaultConfigurationIsVisible = 0;
			defaultConfigurationName = Release;
		};
		ADF59DBD26154D5A0062BF3A /* Build configuration list for PBXNativeTarget "EssentialFeed" */ = {
			isa = XCConfigurationList;
			buildConfigurations = (
				ADF59DBE26154D5A0062BF3A /* Debug */,
				ADF59DBF26154D5A0062BF3A /* Release */,
			);
			defaultConfigurationIsVisible = 0;
			defaultConfigurationName = Release;
		};
		ADF59DC026154D5A0062BF3A /* Build configuration list for PBXNativeTarget "EssentialFeedTests" */ = {
			isa = XCConfigurationList;
			buildConfigurations = (
				ADF59DC126154D5A0062BF3A /* Debug */,
				ADF59DC226154D5A0062BF3A /* Release */,
			);
			defaultConfigurationIsVisible = 0;
			defaultConfigurationName = Release;
		};
/* End XCConfigurationList section */
	};
	rootObject = ADF59DA026154D590062BF3A /* Project object */;
}
